
Microsoft Visual Studio Solution File, Format Version 12.00
# Visual Studio 2012
Project("{8BC9CEB8-8B4A-11D0-8D11-00A0C91BC942}") = "BibleTool_2012", "BibleTool_2012.vcxproj", "{CA827851-22D4-4AE9-B6B0-1647D17F3D42}"
EndProject
Global
	GlobalSection(SolutionConfigurationPlatforms) = preSolution
		Debug|Win32 = Debug|Win32
		Release|Win32 = Release|Win32
	EndGlobalSection
	GlobalSection(ProjectConfigurationPlatforms) = postSolution
		{CA827851-22D4-4AE9-B6B0-1647D17F3D42}.Debug|Win32.ActiveCfg = Debug|Win32
		{CA827851-22D4-4AE9-B6B0-1647D17F3D42}.Debug|Win32.Build.0 = Debug|Win32
		{CA827851-22D4-4AE9-B6B0-1647D17F3D42}.Release|Win32.ActiveCfg = Release|Win32
		{CA827851-22D4-4AE9-B6B0-1647D17F3D42}.Release|Win32.Build.0 = Release|Win32
	EndGlobalSection
	GlobalSection(SolutionProperties) = preSolution
		HideSolutionNode = FALSE
	EndGlobalSection
EndGlobal
