<?xml version="1.0" encoding="utf-8"?>
<Project ToolsVersion="4.0" xmlns="http://schemas.microsoft.com/developer/msbuild/2003">
  <ItemGroup>
    <ClCompile Include="..\src\stdafx.cpp" />
    <ClCompile Include="..\src\utils\FileFinder.cpp">
      <Filter>utils</Filter>
    </ClCompile>
    <ClCompile Include="..\src\DocProcessor.cpp" />
    <ClCompile Include="..\src\utils\Common.cpp">
      <Filter>utils</Filter>
    </ClCompile>
    <ClCompile Include="..\src\automation\OLEMethod.cpp">
      <Filter>automation</Filter>
    </ClCompile>
    <ClCompile Include="..\src\automation\Document.cpp">
      <Filter>automation</Filter>
    </ClCompile>
    <ClCompile Include="..\src\automation\Documents.cpp">
      <Filter>automation</Filter>
    </ClCompile>
    <ClCompile Include="..\src\automation\Selection.cpp">
      <Filter>automation</Filter>
    </ClCompile>
    <ClCompile Include="..\src\automation\WordApp.cpp">
      <Filter>automation</Filter>
    </ClCompile>
    <ClCompile Include="..\src\automation\Font.cpp">
      <Filter>automation</Filter>
    </ClCompile>
    <ClCompile Include="..\src\core\Converter.cpp">
      <Filter>core</Filter>
    </ClCompile>
    <ClCompile Include="..\src\mapping\ASCII_Chars_Unicode.cpp">
      <Filter>mapping</Filter>
    </ClCompile>
    <ClCompile Include="..\src\automation\Range.cpp">
      <Filter>automation</Filter>
    </ClCompile>
    <ClCompile Include="..\src\automation\BaseRS.cpp">
      <Filter>automation</Filter>
    </ClCompile>
    <ClCompile Include="..\src\utils\ScopedTimeCalculator.cpp">
      <Filter>utils</Filter>
    </ClCompile>
  </ItemGroup>
  <ItemGroup>
    <ClInclude Include="..\src\stdafx.h" />
    <ClInclude Include="..\src\targetver.h" />
    <ClInclude Include="..\src\utils\FileFinder.h">
      <Filter>utils</Filter>
    </ClInclude>
    <ClInclude Include="..\src\DocProcessor.h" />
    <ClInclude Include="..\src\utils\Common.h">
      <Filter>utils</Filter>
    </ClInclude>
    <ClInclude Include="..\src\automation\OLEMethod.h">
      <Filter>automation</Filter>
    </ClInclude>
    <ClInclude Include="..\src\utils\RefCounter.h">
      <Filter>utils</Filter>
    </ClInclude>
    <ClInclude Include="..\src\automation\Document.h">
      <Filter>automation</Filter>
    </ClInclude>
    <ClInclude Include="..\src\automation\Documents.h">
      <Filter>automation</Filter>
    </ClInclude>
    <ClInclude Include="..\src\automation\Selection.h">
      <Filter>automation</Filter>
    </ClInclude>
    <ClInclude Include="..\src\automation\WordApp.h">
      <Filter>automation</Filter>
    </ClInclude>
    <ClInclude Include="..\src\automation\Typedefs.h">
      <Filter>automation</Filter>
    </ClInclude>
    <ClInclude Include="..\src\automation\Font.h">
      <Filter>automation</Filter>
    </ClInclude>
    <ClInclude Include="..\src\core\Converter.h">
      <Filter>core</Filter>
    </ClInclude>
    <ClInclude Include="..\src\RootLogger.h" />
    <ClInclude Include="..\src\mapping\ASCII_Chars_Unicode.h">
      <Filter>mapping</Filter>
    </ClInclude>
    <ClInclude Include="..\src\automation\Range.h">
      <Filter>automation</Filter>
    </ClInclude>
    <ClInclude Include="..\src\resources\resource.h">
      <Filter>resources</Filter>
    </ClInclude>
    <ClInclude Include="..\src\resources\version.h">
      <Filter>resources</Filter>
    </ClInclude>
    <ClInclude Include="..\src\automation\BaseRS.h">
      <Filter>automation</Filter>
    </ClInclude>
    <ClInclude Include="..\src\automation\Enums.h">
      <Filter>automation</Filter>
    </ClInclude>
    <ClInclude Include="..\src\utils\ScopedTimeCalculator.h">
      <Filter>utils</Filter>
    </ClInclude>
  </ItemGroup>
  <ItemGroup>
    <Filter Include="utils">
      <UniqueIdentifier>{8bd356a0-295d-4d92-8583-85742db140f8}</UniqueIdentifier>
    </Filter>
    <Filter Include="core">
      <UniqueIdentifier>{a64d28d2-b525-4eb5-85f3-c67469883ee2}</UniqueIdentifier>
    </Filter>
    <Filter Include="automation">
      <UniqueIdentifier>{758466ed-8c6f-43ba-a4aa-b5c0d2316dcc}</UniqueIdentifier>
    </Filter>
    <Filter Include="mapping">
      <UniqueIdentifier>{0f12b967-7602-4d58-a37c-60eb93c1ee6b}</UniqueIdentifier>
    </Filter>
    <Filter Include="resources">
      <UniqueIdentifier>{7f4832b7-a1ea-4380-b4d5-ddc11b60d5f3}</UniqueIdentifier>
    </Filter>
  </ItemGroup>
  <ItemGroup>
    <ResourceCompile Include="..\src\resources\doc-proc.rc">
      <Filter>resources</Filter>
    </ResourceCompile>
  </ItemGroup>
</Project>